
Microsoft Visual Studio Solution File, Format Version 12.00
# Visual Studio Version 17
VisualStudioVersion = 17.9.34723.18
MinimumVisualStudioVersion = 10.0.40219.1
Project("{FAE04EC0-301F-11D3-BF4B-00C04F79EFBC}") = "CVRecruitment", "CVRecruitment.csproj", "{F11E39F8-004C-430C-AA29-F484E7786078}"
EndProject
Global
	GlobalSection(SolutionConfigurationPlatforms) = preSolution
		Debug|Any CPU = Debug|Any CPU
		Release|Any CPU = Release|Any CPU
	EndGlobalSection
	GlobalSection(ProjectConfigurationPlatforms) = postSolution
		{F11E39F8-004C-430C-AA29-F484E7786078}.Debug|Any CPU.ActiveCfg = Debug|Any CPU
		{F11E39F8-004C-430C-AA29-F484E7786078}.Debug|Any CPU.Build.0 = Debug|Any CPU
		{F11E39F8-004C-430C-AA29-F484E7786078}.Release|Any CPU.ActiveCfg = Release|Any CPU
		{F11E39F8-004C-430C-AA29-F484E7786078}.Release|Any CPU.Build.0 = Release|Any CPU
	EndGlobalSection
	GlobalSection(SolutionProperties) = preSolution
		HideSolutionNode = FALSE
	EndGlobalSection
	GlobalSection(ExtensibilityGlobals) = postSolution
		SolutionGuid = {32B64C37-99FA-4222-84B3-221B32F104B9}
	EndGlobalSection
EndGlobal
